
Microsoft Visual Studio Solution File, Format Version 12.00
# Visual Studio 14
VisualStudioVersion = 14.0.25420.1
MinimumVisualStudioVersion = 10.0.40219.1
Project("{FAE04EC0-301F-11D3-BF4B-00C04F79EFBC}") = "NetworkLibraryMessages", "NetworkLibraryMessages\NetworkLibraryMessages.csproj", "{D72118EA-40AA-4F45-BA21-055EABD2C5E8}"
EndProject
Project("{FAE04EC0-301F-11D3-BF4B-00C04F79EFBC}") = "NetStateObject", "NetStateObject\NetStateObject.csproj", "{D870B507-374A-4C71-97F4-AF17A14F4325}"
EndProject
Project("{FAE04EC0-301F-11D3-BF4B-00C04F79EFBC}") = "NetworkObject", "NetworkObject\NetworkObject.csproj", "{E0037622-31A4-43A9-ADD0-56062A0D43C7}"
EndProject
Global
	GlobalSection(SolutionConfigurationPlatforms) = preSolution
		Debug|Any CPU = Debug|Any CPU
		Debug|x64 = Debug|x64
		Debug|x86 = Debug|x86
		Release|Any CPU = Release|Any CPU
		Release|x64 = Release|x64
		Release|x86 = Release|x86
	EndGlobalSection
	GlobalSection(ProjectConfigurationPlatforms) = postSolution
		{D72118EA-40AA-4F45-BA21-055EABD2C5E8}.Debug|Any CPU.ActiveCfg = Debug|Any CPU
		{D72118EA-40AA-4F45-BA21-055EABD2C5E8}.Debug|Any CPU.Build.0 = Debug|Any CPU
		{D72118EA-40AA-4F45-BA21-055EABD2C5E8}.Debug|x64.ActiveCfg = Debug|Any CPU
		{D72118EA-40AA-4F45-BA21-055EABD2C5E8}.Debug|x64.Build.0 = Debug|Any CPU
		{D72118EA-40AA-4F45-BA21-055EABD2C5E8}.Debug|x86.ActiveCfg = Debug|Any CPU
		{D72118EA-40AA-4F45-BA21-055EABD2C5E8}.Debug|x86.Build.0 = Debug|Any CPU
		{D72118EA-40AA-4F45-BA21-055EABD2C5E8}.Release|Any CPU.ActiveCfg = Release|Any CPU
		{D72118EA-40AA-4F45-BA21-055EABD2C5E8}.Release|Any CPU.Build.0 = Release|Any CPU
		{D72118EA-40AA-4F45-BA21-055EABD2C5E8}.Release|x64.ActiveCfg = Release|Any CPU
		{D72118EA-40AA-4F45-BA21-055EABD2C5E8}.Release|x64.Build.0 = Release|Any CPU
		{D72118EA-40AA-4F45-BA21-055EABD2C5E8}.Release|x86.ActiveCfg = Release|Any CPU
		{D72118EA-40AA-4F45-BA21-055EABD2C5E8}.Release|x86.Build.0 = Release|Any CPU
		{D870B507-374A-4C71-97F4-AF17A14F4325}.Debug|Any CPU.ActiveCfg = Debug|Any CPU
		{D870B507-374A-4C71-97F4-AF17A14F4325}.Debug|Any CPU.Build.0 = Debug|Any CPU
		{D870B507-374A-4C71-97F4-AF17A14F4325}.Debug|x64.ActiveCfg = Debug|Any CPU
		{D870B507-374A-4C71-97F4-AF17A14F4325}.Debug|x64.Build.0 = Debug|Any CPU
		{D870B507-374A-4C71-97F4-AF17A14F4325}.Debug|x86.ActiveCfg = Debug|Any CPU
		{D870B507-374A-4C71-97F4-AF17A14F4325}.Debug|x86.Build.0 = Debug|Any CPU
		{D870B507-374A-4C71-97F4-AF17A14F4325}.Release|Any CPU.ActiveCfg = Release|Any CPU
		{D870B507-374A-4C71-97F4-AF17A14F4325}.Release|Any CPU.Build.0 = Release|Any CPU
		{D870B507-374A-4C71-97F4-AF17A14F4325}.Release|x64.ActiveCfg = Release|Any CPU
		{D870B507-374A-4C71-97F4-AF17A14F4325}.Release|x64.Build.0 = Release|Any CPU
		{D870B507-374A-4C71-97F4-AF17A14F4325}.Release|x86.ActiveCfg = Release|Any CPU
		{D870B507-374A-4C71-97F4-AF17A14F4325}.Release|x86.Build.0 = Release|Any CPU
		{E0037622-31A4-43A9-ADD0-56062A0D43C7}.Debug|Any CPU.ActiveCfg = Debug|Any CPU
		{E0037622-31A4-43A9-ADD0-56062A0D43C7}.Debug|Any CPU.Build.0 = Debug|Any CPU
		{E0037622-31A4-43A9-ADD0-56062A0D43C7}.Debug|x64.ActiveCfg = Debug|Any CPU
		{E0037622-31A4-43A9-ADD0-56062A0D43C7}.Debug|x64.Build.0 = Debug|Any CPU
		{E0037622-31A4-43A9-ADD0-56062A0D43C7}.Debug|x86.ActiveCfg = Debug|Any CPU
		{E0037622-31A4-43A9-ADD0-56062A0D43C7}.Debug|x86.Build.0 = Debug|Any CPU
		{E0037622-31A4-43A9-ADD0-56062A0D43C7}.Release|Any CPU.ActiveCfg = Release|Any CPU
		{E0037622-31A4-43A9-ADD0-56062A0D43C7}.Release|Any CPU.Build.0 = Release|Any CPU
		{E0037622-31A4-43A9-ADD0-56062A0D43C7}.Release|x64.ActiveCfg = Release|Any CPU
		{E0037622-31A4-43A9-ADD0-56062A0D43C7}.Release|x64.Build.0 = Release|Any CPU
		{E0037622-31A4-43A9-ADD0-56062A0D43C7}.Release|x86.ActiveCfg = Release|Any CPU
		{E0037622-31A4-43A9-ADD0-56062A0D43C7}.Release|x86.Build.0 = Release|Any CPU
	EndGlobalSection
	GlobalSection(SolutionProperties) = preSolution
		HideSolutionNode = FALSE
	EndGlobalSection
EndGlobal
